
Microsoft Visual Studio Solution File, Format Version 12.00
# Visual Studio Version 17
VisualStudioVersion = 17.14.36518.9 d17.14
MinimumVisualStudioVersion = 10.0.40219.1
Project("{FAE04EC0-301F-11D3-BF4B-00C04F79EFBC}") = "BankCustomerAPI", "BankCustomerAPI\BankCustomerAPI.csproj", "{2BD30B5B-0163-44EC-8FDF-B9DED8EC1396}"
EndProject
Global
	GlobalSection(SolutionConfigurationPlatforms) = preSolution
		Debug|Any CPU = Debug|Any CPU
		Release|Any CPU = Release|Any CPU
	EndGlobalSection
	GlobalSection(ProjectConfigurationPlatforms) = postSolution
		{2BD30B5B-0163-44EC-8FDF-B9DED8EC1396}.Debug|Any CPU.ActiveCfg = Debug|Any CPU
		{2BD30B5B-0163-44EC-8FDF-B9DED8EC1396}.Debug|Any CPU.Build.0 = Debug|Any CPU
		{2BD30B5B-0163-44EC-8FDF-B9DED8EC1396}.Release|Any CPU.ActiveCfg = Release|Any CPU
		{2BD30B5B-0163-44EC-8FDF-B9DED8EC1396}.Release|Any CPU.Build.0 = Release|Any CPU
	EndGlobalSection
	GlobalSection(SolutionProperties) = preSolution
		HideSolutionNode = FALSE
	EndGlobalSection
	GlobalSection(ExtensibilityGlobals) = postSolution
		SolutionGuid = {052DF1A1-FFAE-41A7-B09F-D35F00B44BA4}
	EndGlobalSection
EndGlobal
